// !$*UTF8*$!
{
	archiveVersion = 1;
	classes = {
	};
	objectVersion = 54;
	objects = {

/* Begin PBXBuildFile section */
		13B07FBF1A68108700A75B9A /* Images.xcassets in Resources */ = {isa = PBXBuildFile; fileRef = 13B07FB51A68108700A75B9A /* Images.xcassets */; };
		13B07FC11A68108700A75B9A /* main.m in Sources */ = {isa = PBXBuildFile; fileRef = 13B07FB71A68108700A75B9A /* main.m */; };
		3E461D99554A48A4959DE609 /* SplashScreen.storyboard in Resources */ = {isa = PBXBuildFile; fileRef = AA286B85B6C04FC6940260E9 /* SplashScreen.storyboard */; };
		814375242B81D4B30086F53B /* SongAdapter.swift in Sources */ = {isa = PBXBuildFile; fileRef = 814375232B81D4B30086F53B /* SongAdapter.swift */; };
		814375262B8464AC0086F53B /* WorkoutAdapter.swift in Sources */ = {isa = PBXBuildFile; fileRef = 814375252B8464AC0086F53B /* WorkoutAdapter.swift */; };
		8143752A2B86C8940086F53B /* AppDelegate.mm in Sources */ = {isa = PBXBuildFile; fileRef = 814375292B86C8940086F53B /* AppDelegate.mm */; };
		81C996D02B76EA2B00A9C0A3 /* WatchConnectivityHandler.swift in Sources */ = {isa = PBXBuildFile; fileRef = 81C996CF2B76EA2B00A9C0A3 /* WatchConnectivityHandler.swift */; };
		81C996D22B798E0700A9C0A3 /* Theming.swift in Sources */ = {isa = PBXBuildFile; fileRef = 81C996D12B798E0700A9C0A3 /* Theming.swift */; };
		81C996DC2B79E9A200A9C0A3 /* MusicView.swift in Sources */ = {isa = PBXBuildFile; fileRef = 81C996DB2B79E9A200A9C0A3 /* MusicView.swift */; };
		81C996DE2B79EA4F00A9C0A3 /* SongView.swift in Sources */ = {isa = PBXBuildFile; fileRef = 81C996DD2B79EA4F00A9C0A3 /* SongView.swift */; };
		81C996E02B79EB2300A9C0A3 /* MovingBarsView.swift in Sources */ = {isa = PBXBuildFile; fileRef = 81C996DF2B79EB2300A9C0A3 /* MovingBarsView.swift */; };
		81C996E22B81717800A9C0A3 /* WatchManager.swift in Sources */ = {isa = PBXBuildFile; fileRef = 81C996E12B81717800A9C0A3 /* WatchManager.swift */; };
		81C996E52B8171D400A9C0A3 /* WatchManager.m in Sources */ = {isa = PBXBuildFile; fileRef = 81C996E42B8171D400A9C0A3 /* WatchManager.m */; };
		81E69FA22B7083CC00EE29A4 /* CompanionApp.swift in Sources */ = {isa = PBXBuildFile; fileRef = 81E69FA12B7083CC00EE29A4 /* CompanionApp.swift */; };
		81E69FA62B7083CE00EE29A4 /* Assets.xcassets in Resources */ = {isa = PBXBuildFile; fileRef = 81E69FA52B7083CE00EE29A4 /* Assets.xcassets */; };
		81E69FA92B7083CE00EE29A4 /* Preview Assets.xcassets in Resources */ = {isa = PBXBuildFile; fileRef = 81E69FA82B7083CE00EE29A4 /* Preview Assets.xcassets */; };
		81E69FAC2B7083CE00EE29A4 /* TempoTracks.app in Embed Watch Content */ = {isa = PBXBuildFile; fileRef = 81E69F9F2B7083CC00EE29A4 /* TempoTracks.app */; settings = {ATTRIBUTES = (RemoveHeadersOnCopy, ); }; };
		81E69FB92B747BA400EE29A4 /* SessionPagingView.swift in Sources */ = {isa = PBXBuildFile; fileRef = 81E69FB02B747BA300EE29A4 /* SessionPagingView.swift */; };
		81E69FBA2B747BA400EE29A4 /* SummaryView.swift in Sources */ = {isa = PBXBuildFile; fileRef = 81E69FB12B747BA300EE29A4 /* SummaryView.swift */; };
		81E69FBB2B747BA400EE29A4 /* ElapsedTimeView.swift in Sources */ = {isa = PBXBuildFile; fileRef = 81E69FB22B747BA400EE29A4 /* ElapsedTimeView.swift */; };
		81E69FBC2B747BA400EE29A4 /* ActivityRingsView.swift in Sources */ = {isa = PBXBuildFile; fileRef = 81E69FB32B747BA400EE29A4 /* ActivityRingsView.swift */; };
		81E69FBD2B747BA400EE29A4 /* MetricsView.swift in Sources */ = {isa = PBXBuildFile; fileRef = 81E69FB42B747BA400EE29A4 /* MetricsView.swift */; };
		81E69FBE2B747BA400EE29A4 /* StartView.swift in Sources */ = {isa = PBXBuildFile; fileRef = 81E69FB52B747BA400EE29A4 /* StartView.swift */; };
		81E69FC02B747BA400EE29A4 /* WorkoutManager.swift in Sources */ = {isa = PBXBuildFile; fileRef = 81E69FB72B747BA400EE29A4 /* WorkoutManager.swift */; };
		81E69FC12B747BA400EE29A4 /* ControlsView.swift in Sources */ = {isa = PBXBuildFile; fileRef = 81E69FB82B747BA400EE29A4 /* ControlsView.swift */; };
		B18059E884C0ABDD17F3DC3D /* ExpoModulesProvider.swift in Sources */ = {isa = PBXBuildFile; fileRef = FAC715A2D49A985799AEE119 /* ExpoModulesProvider.swift */; };
		B3484A022A70C21800A72539 /* MusicManager.swift in Sources */ = {isa = PBXBuildFile; fileRef = B3484A012A70C21800A72539 /* MusicManager.swift */; };
		B3484A042A70C22A00A72539 /* MusicManager.m in Sources */ = {isa = PBXBuildFile; fileRef = B3484A032A70C22A00A72539 /* MusicManager.m */; };
		B365773B2B8C3A2300C8E31B /* HealthManager.m in Sources */ = {isa = PBXBuildFile; fileRef = B365773A2B8C3A2300C8E31B /* HealthManager.m */; };
		B365773D2B8C3C0100C8E31B /* HealthManager.swift in Sources */ = {isa = PBXBuildFile; fileRef = B365773C2B8C3C0100C8E31B /* HealthManager.swift */; };
		BB2F792D24A3F905000567C9 /* Expo.plist in Resources */ = {isa = PBXBuildFile; fileRef = BB2F792C24A3F905000567C9 /* Expo.plist */; };
		C6DA6892D42B001938D86480 /* libPods-TempoTracks.a in Frameworks */ = {isa = PBXBuildFile; fileRef = 58EEBF8E8E6FB1BC6CAF49B5 /* libPods-TempoTracks.a */; };
/* End PBXBuildFile section */

/* Begin PBXContainerItemProxy section */
		81E69FAA2B7083CE00EE29A4 /* PBXContainerItemProxy */ = {
			isa = PBXContainerItemProxy;
			containerPortal = 83CBB9F71A601CBA00E9B192 /* Project object */;
			proxyType = 1;
			remoteGlobalIDString = 81E69F9E2B7083CC00EE29A4;
			remoteInfo = "Companion Watch App";
		};
/* End PBXContainerItemProxy section */

/* Begin PBXCopyFilesBuildPhase section */
		81E69F872B706CD900EE29A4 /* Embed Watch Content */ = {
			isa = PBXCopyFilesBuildPhase;
			buildActionMask = 2147483647;
			dstPath = "$(CONTENTS_FOLDER_PATH)/Watch";
			dstSubfolderSpec = 16;
			files = (
				81E69FAC2B7083CE00EE29A4 /* TempoTracks.app in Embed Watch Content */,
			);
			name = "Embed Watch Content";
			runOnlyForDeploymentPostprocessing = 0;
		};
/* End PBXCopyFilesBuildPhase section */

/* Begin PBXFileReference section */
		008F07F21AC5B25A0029DE68 /* main.jsbundle */ = {isa = PBXFileReference; fileEncoding = 4; lastKnownFileType = text; path = main.jsbundle; sourceTree = "<group>"; };
		13B07F961A680F5B00A75B9A /* TempoTracks.app */ = {isa = PBXFileReference; explicitFileType = wrapper.application; includeInIndex = 0; path = TempoTracks.app; sourceTree = BUILT_PRODUCTS_DIR; };
		13B07FAF1A68108700A75B9A /* AppDelegate.h */ = {isa = PBXFileReference; fileEncoding = 4; lastKnownFileType = sourcecode.c.h; name = AppDelegate.h; path = TempoTracks/AppDelegate.h; sourceTree = "<group>"; };
		13B07FB51A68108700A75B9A /* Images.xcassets */ = {isa = PBXFileReference; lastKnownFileType = folder.assetcatalog; name = Images.xcassets; path = TempoTracks/Images.xcassets; sourceTree = "<group>"; };
		13B07FB61A68108700A75B9A /* Info.plist */ = {isa = PBXFileReference; fileEncoding = 4; lastKnownFileType = text.plist.xml; name = Info.plist; path = TempoTracks/Info.plist; sourceTree = "<group>"; };
		13B07FB71A68108700A75B9A /* main.m */ = {isa = PBXFileReference; fileEncoding = 4; lastKnownFileType = sourcecode.c.objc; name = main.m; path = TempoTracks/main.m; sourceTree = "<group>"; };
		58EEBF8E8E6FB1BC6CAF49B5 /* libPods-TempoTracks.a */ = {isa = PBXFileReference; explicitFileType = archive.ar; includeInIndex = 0; path = "libPods-TempoTracks.a"; sourceTree = BUILT_PRODUCTS_DIR; };
		6C2E3173556A471DD304B334 /* Pods-TempoTracks.debug.xcconfig */ = {isa = PBXFileReference; includeInIndex = 1; lastKnownFileType = text.xcconfig; name = "Pods-TempoTracks.debug.xcconfig"; path = "Target Support Files/Pods-TempoTracks/Pods-TempoTracks.debug.xcconfig"; sourceTree = "<group>"; };
		7A4D352CD337FB3A3BF06240 /* Pods-TempoTracks.release.xcconfig */ = {isa = PBXFileReference; includeInIndex = 1; lastKnownFileType = text.xcconfig; name = "Pods-TempoTracks.release.xcconfig"; path = "Target Support Files/Pods-TempoTracks/Pods-TempoTracks.release.xcconfig"; sourceTree = "<group>"; };
		814375232B81D4B30086F53B /* SongAdapter.swift */ = {isa = PBXFileReference; lastKnownFileType = sourcecode.swift; path = SongAdapter.swift; sourceTree = "<group>"; };
		814375252B8464AC0086F53B /* WorkoutAdapter.swift */ = {isa = PBXFileReference; lastKnownFileType = sourcecode.swift; path = WorkoutAdapter.swift; sourceTree = "<group>"; };
		814375292B86C8940086F53B /* AppDelegate.mm */ = {isa = PBXFileReference; fileEncoding = 4; lastKnownFileType = sourcecode.cpp.objcpp; name = AppDelegate.mm; path = TempoTracks/AppDelegate.mm; sourceTree = "<group>"; };
		81C996CF2B76EA2B00A9C0A3 /* WatchConnectivityHandler.swift */ = {isa = PBXFileReference; lastKnownFileType = sourcecode.swift; path = WatchConnectivityHandler.swift; sourceTree = "<group>"; };
		81C996D12B798E0700A9C0A3 /* Theming.swift */ = {isa = PBXFileReference; lastKnownFileType = sourcecode.swift; path = Theming.swift; sourceTree = "<group>"; };
		81C996D32B79D0B800A9C0A3 /* Companion Watch AppDebug.entitlements */ = {isa = PBXFileReference; lastKnownFileType = text.plist.entitlements; path = "Companion Watch AppDebug.entitlements"; sourceTree = "<group>"; };
		81C996DB2B79E9A200A9C0A3 /* MusicView.swift */ = {isa = PBXFileReference; lastKnownFileType = sourcecode.swift; path = MusicView.swift; sourceTree = "<group>"; };
		81C996DD2B79EA4F00A9C0A3 /* SongView.swift */ = {isa = PBXFileReference; lastKnownFileType = sourcecode.swift; path = SongView.swift; sourceTree = "<group>"; };
		81C996DF2B79EB2300A9C0A3 /* MovingBarsView.swift */ = {isa = PBXFileReference; lastKnownFileType = sourcecode.swift; path = MovingBarsView.swift; sourceTree = "<group>"; };
		81C996E12B81717800A9C0A3 /* WatchManager.swift */ = {isa = PBXFileReference; lastKnownFileType = sourcecode.swift; path = WatchManager.swift; sourceTree = "<group>"; };
		81C996E42B8171D400A9C0A3 /* WatchManager.m */ = {isa = PBXFileReference; lastKnownFileType = sourcecode.c.objc; path = WatchManager.m; sourceTree = "<group>"; };
		81E69F982B707F6D00EE29A4 /* libReact-Core.a */ = {isa = PBXFileReference; explicitFileType = archive.ar; path = "libReact-Core.a"; sourceTree = BUILT_PRODUCTS_DIR; };
		81E69F9A2B70833000EE29A4 /* TempoTracks-Bridging-Header.h */ = {isa = PBXFileReference; fileEncoding = 4; lastKnownFileType = sourcecode.c.h; path = "TempoTracks-Bridging-Header.h"; sourceTree = "<group>"; };
		81E69F9F2B7083CC00EE29A4 /* TempoTracks.app */ = {isa = PBXFileReference; explicitFileType = wrapper.application; includeInIndex = 0; path = TempoTracks.app; sourceTree = BUILT_PRODUCTS_DIR; };
		81E69FA12B7083CC00EE29A4 /* CompanionApp.swift */ = {isa = PBXFileReference; lastKnownFileType = sourcecode.swift; path = CompanionApp.swift; sourceTree = "<group>"; };
		81E69FA52B7083CE00EE29A4 /* Assets.xcassets */ = {isa = PBXFileReference; lastKnownFileType = folder.assetcatalog; path = Assets.xcassets; sourceTree = "<group>"; };
		81E69FA82B7083CE00EE29A4 /* Preview Assets.xcassets */ = {isa = PBXFileReference; lastKnownFileType = folder.assetcatalog; path = "Preview Assets.xcassets"; sourceTree = "<group>"; };
		81E69FB02B747BA300EE29A4 /* SessionPagingView.swift */ = {isa = PBXFileReference; fileEncoding = 4; lastKnownFileType = sourcecode.swift; path = SessionPagingView.swift; sourceTree = "<group>"; };
		81E69FB12B747BA300EE29A4 /* SummaryView.swift */ = {isa = PBXFileReference; fileEncoding = 4; lastKnownFileType = sourcecode.swift; path = SummaryView.swift; sourceTree = "<group>"; };
		81E69FB22B747BA400EE29A4 /* ElapsedTimeView.swift */ = {isa = PBXFileReference; fileEncoding = 4; lastKnownFileType = sourcecode.swift; path = ElapsedTimeView.swift; sourceTree = "<group>"; };
		81E69FB32B747BA400EE29A4 /* ActivityRingsView.swift */ = {isa = PBXFileReference; fileEncoding = 4; lastKnownFileType = sourcecode.swift; path = ActivityRingsView.swift; sourceTree = "<group>"; };
		81E69FB42B747BA400EE29A4 /* MetricsView.swift */ = {isa = PBXFileReference; fileEncoding = 4; lastKnownFileType = sourcecode.swift; path = MetricsView.swift; sourceTree = "<group>"; };
		81E69FB52B747BA400EE29A4 /* StartView.swift */ = {isa = PBXFileReference; fileEncoding = 4; lastKnownFileType = sourcecode.swift; path = StartView.swift; sourceTree = "<group>"; };
		81E69FB72B747BA400EE29A4 /* WorkoutManager.swift */ = {isa = PBXFileReference; fileEncoding = 4; lastKnownFileType = sourcecode.swift; path = WorkoutManager.swift; sourceTree = "<group>"; };
		81E69FB82B747BA400EE29A4 /* ControlsView.swift */ = {isa = PBXFileReference; fileEncoding = 4; lastKnownFileType = sourcecode.swift; path = ControlsView.swift; sourceTree = "<group>"; };
		AA286B85B6C04FC6940260E9 /* SplashScreen.storyboard */ = {isa = PBXFileReference; fileEncoding = 4; lastKnownFileType = file.storyboard; name = SplashScreen.storyboard; path = TempoTracks/SplashScreen.storyboard; sourceTree = "<group>"; };
		B3484A012A70C21800A72539 /* MusicManager.swift */ = {isa = PBXFileReference; lastKnownFileType = sourcecode.swift; path = MusicManager.swift; sourceTree = "<group>"; };
		B3484A032A70C22A00A72539 /* MusicManager.m */ = {isa = PBXFileReference; lastKnownFileType = sourcecode.c.objc; path = MusicManager.m; sourceTree = "<group>"; };
		B365773A2B8C3A2300C8E31B /* HealthManager.m */ = {isa = PBXFileReference; lastKnownFileType = sourcecode.c.objc; path = HealthManager.m; sourceTree = "<group>"; };
		B365773C2B8C3C0100C8E31B /* HealthManager.swift */ = {isa = PBXFileReference; lastKnownFileType = sourcecode.swift; path = HealthManager.swift; sourceTree = "<group>"; };
		B365773E2B8E69D000C8E31B /* TempoTracks.entitlements */ = {isa = PBXFileReference; lastKnownFileType = text.plist.entitlements; name = TempoTracks.entitlements; path = TempoTracks/TempoTracks.entitlements; sourceTree = "<group>"; };
		BB2F792C24A3F905000567C9 /* Expo.plist */ = {isa = PBXFileReference; fileEncoding = 4; lastKnownFileType = text.plist.xml; path = Expo.plist; sourceTree = "<group>"; };
		ED297162215061F000B7C4FE /* JavaScriptCore.framework */ = {isa = PBXFileReference; lastKnownFileType = wrapper.framework; name = JavaScriptCore.framework; path = System/Library/Frameworks/JavaScriptCore.framework; sourceTree = SDKROOT; };
		FAC715A2D49A985799AEE119 /* ExpoModulesProvider.swift */ = {isa = PBXFileReference; includeInIndex = 1; lastKnownFileType = sourcecode.swift; name = ExpoModulesProvider.swift; path = "Pods/Target Support Files/Pods-TempoTracks/ExpoModulesProvider.swift"; sourceTree = "<group>"; };
/* End PBXFileReference section */

/* Begin PBXFrameworksBuildPhase section */
		13B07F8C1A680F5B00A75B9A /* Frameworks */ = {
			isa = PBXFrameworksBuildPhase;
			buildActionMask = 2147483647;
			files = (
				C6DA6892D42B001938D86480 /* libPods-TempoTracks.a in Frameworks */,
			);
			runOnlyForDeploymentPostprocessing = 0;
		};
		81E69F9C2B7083CC00EE29A4 /* Frameworks */ = {
			isa = PBXFrameworksBuildPhase;
			buildActionMask = 2147483647;
			files = (
			);
			runOnlyForDeploymentPostprocessing = 0;
		};
/* End PBXFrameworksBuildPhase section */

/* Begin PBXGroup section */
		13B07FAE1A68108700A75B9A /* TempoTracks */ = {
			isa = PBXGroup;
			children = (
				B365773E2B8E69D000C8E31B /* TempoTracks.entitlements */,
				81E69F9A2B70833000EE29A4 /* TempoTracks-Bridging-Header.h */,
				BB2F792B24A3F905000567C9 /* Supporting */,
				008F07F21AC5B25A0029DE68 /* main.jsbundle */,
				13B07FAF1A68108700A75B9A /* AppDelegate.h */,
				814375292B86C8940086F53B /* AppDelegate.mm */,
				13B07FB51A68108700A75B9A /* Images.xcassets */,
				13B07FB61A68108700A75B9A /* Info.plist */,
				13B07FB71A68108700A75B9A /* main.m */,
				AA286B85B6C04FC6940260E9 /* SplashScreen.storyboard */,
				B3484A012A70C21800A72539 /* MusicManager.swift */,
				B3484A032A70C22A00A72539 /* MusicManager.m */,
				81C996E12B81717800A9C0A3 /* WatchManager.swift */,
				81C996E42B8171D400A9C0A3 /* WatchManager.m */,
				B365773A2B8C3A2300C8E31B /* HealthManager.m */,
				B365773C2B8C3C0100C8E31B /* HealthManager.swift */,
			);
			name = TempoTracks;
			sourceTree = "<group>";
		};
		2D16E6871FA4F8E400B85C8A /* Frameworks */ = {
			isa = PBXGroup;
			children = (
				81E69F982B707F6D00EE29A4 /* libReact-Core.a */,
				ED297162215061F000B7C4FE /* JavaScriptCore.framework */,
				58EEBF8E8E6FB1BC6CAF49B5 /* libPods-TempoTracks.a */,
			);
			name = Frameworks;
			sourceTree = "<group>";
		};
		814375222B81D4980086F53B /* Adapters */ = {
			isa = PBXGroup;
			children = (
				814375232B81D4B30086F53B /* SongAdapter.swift */,
				814375252B8464AC0086F53B /* WorkoutAdapter.swift */,
			);
			path = Adapters;
			sourceTree = "<group>";
		};
		81C996D42B79E67000A9C0A3 /* Theme */ = {
			isa = PBXGroup;
			children = (
				81C996D12B798E0700A9C0A3 /* Theming.swift */,
			);
			path = Theme;
			sourceTree = "<group>";
		};
		81C996D52B79E69800A9C0A3 /* SessionViews */ = {
			isa = PBXGroup;
			children = (
				81C996D72B79E6C900A9C0A3 /* Components */,
				81E69FB42B747BA400EE29A4 /* MetricsView.swift */,
				81E69FB82B747BA400EE29A4 /* ControlsView.swift */,
				81E69FB02B747BA300EE29A4 /* SessionPagingView.swift */,
				81C996DB2B79E9A200A9C0A3 /* MusicView.swift */,
			);
			path = SessionViews;
			sourceTree = "<group>";
		};
		81C996D72B79E6C900A9C0A3 /* Components */ = {
			isa = PBXGroup;
			children = (
				81E69FB22B747BA400EE29A4 /* ElapsedTimeView.swift */,
				81C996DD2B79EA4F00A9C0A3 /* SongView.swift */,
				81C996DF2B79EB2300A9C0A3 /* MovingBarsView.swift */,
			);
			path = Components;
			sourceTree = "<group>";
		};
		81C996D82B79E6EF00A9C0A3 /* Services */ = {
			isa = PBXGroup;
			children = (
				81C996CF2B76EA2B00A9C0A3 /* WatchConnectivityHandler.swift */,
				81E69FB72B747BA400EE29A4 /* WorkoutManager.swift */,
			);
			path = Services;
			sourceTree = "<group>";
		};
		81C996D92B79E73300A9C0A3 /* SummaryView */ = {
			isa = PBXGroup;
			children = (
				81E69FB12B747BA300EE29A4 /* SummaryView.swift */,
				81C996DA2B79E73F00A9C0A3 /* Components */,
			);
			path = SummaryView;
			sourceTree = "<group>";
		};
		81C996DA2B79E73F00A9C0A3 /* Components */ = {
			isa = PBXGroup;
			children = (
				81E69FB32B747BA400EE29A4 /* ActivityRingsView.swift */,
			);
			path = Components;
			sourceTree = "<group>";
		};
		81E69FA02B7083CC00EE29A4 /* CompanionWatchApp */ = {
			isa = PBXGroup;
			children = (
				814375222B81D4980086F53B /* Adapters */,
				81C996D92B79E73300A9C0A3 /* SummaryView */,
				81C996D82B79E6EF00A9C0A3 /* Services */,
				81C996D52B79E69800A9C0A3 /* SessionViews */,
				81C996D42B79E67000A9C0A3 /* Theme */,
				81E69FB52B747BA400EE29A4 /* StartView.swift */,
				81E69FA12B7083CC00EE29A4 /* CompanionApp.swift */,
				81E69FA52B7083CE00EE29A4 /* Assets.xcassets */,
				81E69FA72B7083CE00EE29A4 /* Preview Content */,
			);
			path = CompanionWatchApp;
			sourceTree = "<group>";
		};
		81E69FA72B7083CE00EE29A4 /* Preview Content */ = {
			isa = PBXGroup;
			children = (
				81E69FA82B7083CE00EE29A4 /* Preview Assets.xcassets */,
			);
			path = "Preview Content";
			sourceTree = "<group>";
		};
		832341AE1AAA6A7D00B99B32 /* Libraries */ = {
			isa = PBXGroup;
			children = (
			);
			name = Libraries;
			sourceTree = "<group>";
		};
		83CBB9F61A601CBA00E9B192 = {
			isa = PBXGroup;
			children = (
				81C996D32B79D0B800A9C0A3 /* Companion Watch AppDebug.entitlements */,
				13B07FAE1A68108700A75B9A /* TempoTracks */,
				832341AE1AAA6A7D00B99B32 /* Libraries */,
				81E69FA02B7083CC00EE29A4 /* CompanionWatchApp */,
				83CBBA001A601CBA00E9B192 /* Products */,
				2D16E6871FA4F8E400B85C8A /* Frameworks */,
				D65327D7A22EEC0BE12398D9 /* Pods */,
				D7E4C46ADA2E9064B798F356 /* ExpoModulesProviders */,
			);
			indentWidth = 2;
			sourceTree = "<group>";
			tabWidth = 2;
			usesTabs = 0;
		};
		83CBBA001A601CBA00E9B192 /* Products */ = {
			isa = PBXGroup;
			children = (
				13B07F961A680F5B00A75B9A /* TempoTracks.app */,
				81E69F9F2B7083CC00EE29A4 /* TempoTracks.app */,
			);
			name = Products;
			sourceTree = "<group>";
		};
		92DBD88DE9BF7D494EA9DA96 /* TempoTracks */ = {
			isa = PBXGroup;
			children = (
				FAC715A2D49A985799AEE119 /* ExpoModulesProvider.swift */,
			);
			name = TempoTracks;
			sourceTree = "<group>";
		};
		BB2F792B24A3F905000567C9 /* Supporting */ = {
			isa = PBXGroup;
			children = (
				BB2F792C24A3F905000567C9 /* Expo.plist */,
			);
			name = Supporting;
			path = TempoTracks/Supporting;
			sourceTree = "<group>";
		};
		D65327D7A22EEC0BE12398D9 /* Pods */ = {
			isa = PBXGroup;
			children = (
				6C2E3173556A471DD304B334 /* Pods-TempoTracks.debug.xcconfig */,
				7A4D352CD337FB3A3BF06240 /* Pods-TempoTracks.release.xcconfig */,
			);
			path = Pods;
			sourceTree = "<group>";
		};
		D7E4C46ADA2E9064B798F356 /* ExpoModulesProviders */ = {
			isa = PBXGroup;
			children = (
				92DBD88DE9BF7D494EA9DA96 /* TempoTracks */,
			);
			name = ExpoModulesProviders;
			sourceTree = "<group>";
		};
/* End PBXGroup section */

/* Begin PBXNativeTarget section */
		13B07F861A680F5B00A75B9A /* TempoTracks */ = {
			isa = PBXNativeTarget;
			buildConfigurationList = 13B07F931A680F5B00A75B9A /* Build configuration list for PBXNativeTarget "TempoTracks" */;
			buildPhases = (
				08A4A3CD28434E44B6B9DE2E /* [CP] Check Pods Manifest.lock */,
				FD10A7F022414F080027D42C /* Start Packager */,
				3C64268D0C21B6D7BC9D4C56 /* [Expo] Configure project */,
				13B07F871A680F5B00A75B9A /* Sources */,
				13B07F8C1A680F5B00A75B9A /* Frameworks */,
				13B07F8E1A680F5B00A75B9A /* Resources */,
				00DD1BFF1BD5951E006B06BC /* Bundle React Native code and images */,
				800E24972A6A228C8D4807E9 /* [CP] Copy Pods Resources */,
				2F29461804B66C3926D004BD /* [CP] Embed Pods Frameworks */,
				81E69F872B706CD900EE29A4 /* Embed Watch Content */,
			);
			buildRules = (
			);
			dependencies = (
				81E69FAB2B7083CE00EE29A4 /* PBXTargetDependency */,
			);
			name = TempoTracks;
			productName = TempoTracks;
			productReference = 13B07F961A680F5B00A75B9A /* TempoTracks.app */;
			productType = "com.apple.product-type.application";
		};
		81E69F9E2B7083CC00EE29A4 /* Companion Watch App */ = {
			isa = PBXNativeTarget;
			buildConfigurationList = 81E69FAD2B7083CE00EE29A4 /* Build configuration list for PBXNativeTarget "Companion Watch App" */;
			buildPhases = (
				81E69F9B2B7083CC00EE29A4 /* Sources */,
				81E69F9C2B7083CC00EE29A4 /* Frameworks */,
				81E69F9D2B7083CC00EE29A4 /* Resources */,
			);
			buildRules = (
			);
			dependencies = (
			);
			name = "Companion Watch App";
			productName = "Companion Watch App";
			productReference = 81E69F9F2B7083CC00EE29A4 /* TempoTracks.app */;
			productType = "com.apple.product-type.application";
		};
/* End PBXNativeTarget section */

/* Begin PBXProject section */
		83CBB9F71A601CBA00E9B192 /* Project object */ = {
			isa = PBXProject;
			attributes = {
				LastSwiftUpdateCheck = 1430;
				LastUpgradeCheck = 1130;
				TargetAttributes = {
					13B07F861A680F5B00A75B9A = {
						LastSwiftMigration = 1250;
					};
					81E69F9E2B7083CC00EE29A4 = {
						CreatedOnToolsVersion = 14.3.1;
					};
				};
			};
			buildConfigurationList = 83CBB9FA1A601CBA00E9B192 /* Build configuration list for PBXProject "TempoTracks" */;
			compatibilityVersion = "Xcode 3.2";
			developmentRegion = en;
			hasScannedForEncodings = 0;
			knownRegions = (
				en,
				Base,
			);
			mainGroup = 83CBB9F61A601CBA00E9B192;
			productRefGroup = 83CBBA001A601CBA00E9B192 /* Products */;
			projectDirPath = "";
			projectRoot = "";
			targets = (
				13B07F861A680F5B00A75B9A /* TempoTracks */,
				81E69F9E2B7083CC00EE29A4 /* Companion Watch App */,
			);
		};
/* End PBXProject section */

/* Begin PBXResourcesBuildPhase section */
		13B07F8E1A680F5B00A75B9A /* Resources */ = {
			isa = PBXResourcesBuildPhase;
			buildActionMask = 2147483647;
			files = (
				BB2F792D24A3F905000567C9 /* Expo.plist in Resources */,
				13B07FBF1A68108700A75B9A /* Images.xcassets in Resources */,
				3E461D99554A48A4959DE609 /* SplashScreen.storyboard in Resources */,
			);
			runOnlyForDeploymentPostprocessing = 0;
		};
		81E69F9D2B7083CC00EE29A4 /* Resources */ = {
			isa = PBXResourcesBuildPhase;
			buildActionMask = 2147483647;
			files = (
				81E69FA92B7083CE00EE29A4 /* Preview Assets.xcassets in Resources */,
				81E69FA62B7083CE00EE29A4 /* Assets.xcassets in Resources */,
			);
			runOnlyForDeploymentPostprocessing = 0;
		};
/* End PBXResourcesBuildPhase section */

/* Begin PBXShellScriptBuildPhase section */
		00DD1BFF1BD5951E006B06BC /* Bundle React Native code and images */ = {
			isa = PBXShellScriptBuildPhase;
			buildActionMask = 2147483647;
			files = (
			);
			inputPaths = (
			);
			name = "Bundle React Native code and images";
			outputPaths = (
			);
			runOnlyForDeploymentPostprocessing = 0;
			shellPath = /bin/sh;
			shellScript = "if [[ -f \"$PODS_ROOT/../.xcode.env\" ]]; then\n  source \"$PODS_ROOT/../.xcode.env\"\nfi\nif [[ -f \"$PODS_ROOT/../.xcode.env.local\" ]]; then\n  source \"$PODS_ROOT/../.xcode.env.local\"\nfi\n\n# The project root by default is one level up from the ios directory\nexport PROJECT_ROOT=\"$PROJECT_DIR\"/..\n\nif [[ \"$CONFIGURATION\" = *Debug* ]]; then\n  export SKIP_BUNDLING=1\nfi\nif [[ -z \"$ENTRY_FILE\" ]]; then\n  # Set the entry JS file using the bundler's entry resolution.\n  export ENTRY_FILE=\"$(\"$NODE_BINARY\" -e \"require('expo/scripts/resolveAppEntry')\" $PROJECT_ROOT ios relative | tail -n 1)\"\nfi\n\n`\"$NODE_BINARY\" --print \"require('path').dirname(require.resolve('react-native/package.json')) + '/scripts/react-native-xcode.sh'\"`\n\n";
		};
		08A4A3CD28434E44B6B9DE2E /* [CP] Check Pods Manifest.lock */ = {
			isa = PBXShellScriptBuildPhase;
			buildActionMask = 2147483647;
			files = (
			);
			inputFileListPaths = (
			);
			inputPaths = (
				"${PODS_PODFILE_DIR_PATH}/Podfile.lock",
				"${PODS_ROOT}/Manifest.lock",
			);
			name = "[CP] Check Pods Manifest.lock";
			outputFileListPaths = (
			);
			outputPaths = (
				"$(DERIVED_FILE_DIR)/Pods-TempoTracks-checkManifestLockResult.txt",
			);
			runOnlyForDeploymentPostprocessing = 0;
			shellPath = /bin/sh;
			shellScript = "diff \"${PODS_PODFILE_DIR_PATH}/Podfile.lock\" \"${PODS_ROOT}/Manifest.lock\" > /dev/null\nif [ $? != 0 ] ; then\n    # print error to STDERR\n    echo \"error: The sandbox is not in sync with the Podfile.lock. Run 'pod install' or update your CocoaPods installation.\" >&2\n    exit 1\nfi\n# This output is used by Xcode 'outputs' to avoid re-running this script phase.\necho \"SUCCESS\" > \"${SCRIPT_OUTPUT_FILE_0}\"\n";
			showEnvVarsInLog = 0;
		};
		2F29461804B66C3926D004BD /* [CP] Embed Pods Frameworks */ = {
			isa = PBXShellScriptBuildPhase;
			buildActionMask = 2147483647;
			files = (
			);
			inputPaths = (
				"${PODS_ROOT}/Target Support Files/Pods-TempoTracks/Pods-TempoTracks-frameworks.sh",
				"${PODS_XCFRAMEWORKS_BUILD_DIR}/hermes-engine/Pre-built/hermes.framework/hermes",
			);
			name = "[CP] Embed Pods Frameworks";
			outputPaths = (
				"${TARGET_BUILD_DIR}/${FRAMEWORKS_FOLDER_PATH}/hermes.framework",
			);
			runOnlyForDeploymentPostprocessing = 0;
			shellPath = /bin/sh;
			shellScript = "\"${PODS_ROOT}/Target Support Files/Pods-TempoTracks/Pods-TempoTracks-frameworks.sh\"\n";
			showEnvVarsInLog = 0;
		};
		3C64268D0C21B6D7BC9D4C56 /* [Expo] Configure project */ = {
			isa = PBXShellScriptBuildPhase;
			alwaysOutOfDate = 1;
			buildActionMask = 2147483647;
			files = (
			);
			inputFileListPaths = (
			);
			inputPaths = (
			);
			name = "[Expo] Configure project";
			outputFileListPaths = (
			);
			outputPaths = (
			);
			runOnlyForDeploymentPostprocessing = 0;
			shellPath = /bin/sh;
			shellScript = "# This script configures Expo modules and generates the modules provider file.\nbash -l -c \"./Pods/Target\\ Support\\ Files/Pods-TempoTracks/expo-configure-project.sh\"\n";
		};
		800E24972A6A228C8D4807E9 /* [CP] Copy Pods Resources */ = {
			isa = PBXShellScriptBuildPhase;
			buildActionMask = 2147483647;
			files = (
			);
			inputPaths = (
				"${PODS_ROOT}/Target Support Files/Pods-TempoTracks/Pods-TempoTracks-resources.sh",
				"${PODS_CONFIGURATION_BUILD_DIR}/EXConstants/EXConstants.bundle",
				"${PODS_CONFIGURATION_BUILD_DIR}/React-Core/AccessibilityResources.bundle",
			);
			name = "[CP] Copy Pods Resources";
			outputPaths = (
				"${TARGET_BUILD_DIR}/${UNLOCALIZED_RESOURCES_FOLDER_PATH}/EXConstants.bundle",
				"${TARGET_BUILD_DIR}/${UNLOCALIZED_RESOURCES_FOLDER_PATH}/AccessibilityResources.bundle",
			);
			runOnlyForDeploymentPostprocessing = 0;
			shellPath = /bin/sh;
			shellScript = "\"${PODS_ROOT}/Target Support Files/Pods-TempoTracks/Pods-TempoTracks-resources.sh\"\n";
			showEnvVarsInLog = 0;
		};
		FD10A7F022414F080027D42C /* Start Packager */ = {
			isa = PBXShellScriptBuildPhase;
			buildActionMask = 2147483647;
			files = (
			);
			inputFileListPaths = (
			);
			inputPaths = (
			);
			name = "Start Packager";
			outputFileListPaths = (
			);
			outputPaths = (
			);
			runOnlyForDeploymentPostprocessing = 0;
			shellPath = /bin/sh;
			shellScript = "if [[ -f \"$PODS_ROOT/../.xcode.env\" ]]; then\n  source \"$PODS_ROOT/../.xcode.env\"\nfi\nif [[ -f \"$PODS_ROOT/../.xcode.env.local\" ]]; then\n  source \"$PODS_ROOT/../.xcode.env.local\"\nfi\n\nexport RCT_METRO_PORT=\"${RCT_METRO_PORT:=8081}\"\necho \"export RCT_METRO_PORT=${RCT_METRO_PORT}\" > `$NODE_BINARY --print \"require('path').dirname(require.resolve('react-native/package.json')) + '/scripts/.packager.env'\"`\nif [ -z \"${RCT_NO_LAUNCH_PACKAGER+xxx}\" ] ; then\n  if nc -w 5 -z localhost ${RCT_METRO_PORT} ; then\n    if ! curl -s \"http://localhost:${RCT_METRO_PORT}/status\" | grep -q \"packager-status:running\" ; then\n      echo \"Port ${RCT_METRO_PORT} already in use, packager is either not running or not running correctly\"\n      exit 2\n    fi\n  else\n    open `$NODE_BINARY --print \"require('path').dirname(require.resolve('react-native/package.json')) + '/scripts/launchPackager.command'\"` || echo \"Can't start packager automatically\"\n  fi\nfi\n";
			showEnvVarsInLog = 0;
		};
/* End PBXShellScriptBuildPhase section */

/* Begin PBXSourcesBuildPhase section */
		13B07F871A680F5B00A75B9A /* Sources */ = {
			isa = PBXSourcesBuildPhase;
			buildActionMask = 2147483647;
			files = (
				B3484A042A70C22A00A72539 /* MusicManager.m in Sources */,
				B365773D2B8C3C0100C8E31B /* HealthManager.swift in Sources */,
				8143752A2B86C8940086F53B /* AppDelegate.mm in Sources */,
				81C996E52B8171D400A9C0A3 /* WatchManager.m in Sources */,
				B365773B2B8C3A2300C8E31B /* HealthManager.m in Sources */,
				B3484A022A70C21800A72539 /* MusicManager.swift in Sources */,
				13B07FC11A68108700A75B9A /* main.m in Sources */,
				B18059E884C0ABDD17F3DC3D /* ExpoModulesProvider.swift in Sources */,
				81C996E22B81717800A9C0A3 /* WatchManager.swift in Sources */,
			);
			runOnlyForDeploymentPostprocessing = 0;
		};
		81E69F9B2B7083CC00EE29A4 /* Sources */ = {
			isa = PBXSourcesBuildPhase;
			buildActionMask = 2147483647;
			files = (
				81C996D22B798E0700A9C0A3 /* Theming.swift in Sources */,
				81E69FBD2B747BA400EE29A4 /* MetricsView.swift in Sources */,
				81E69FBA2B747BA400EE29A4 /* SummaryView.swift in Sources */,
				81E69FBE2B747BA400EE29A4 /* StartView.swift in Sources */,
				81C996E02B79EB2300A9C0A3 /* MovingBarsView.swift in Sources */,
				81E69FBB2B747BA400EE29A4 /* ElapsedTimeView.swift in Sources */,
				81E69FBC2B747BA400EE29A4 /* ActivityRingsView.swift in Sources */,
				81E69FC02B747BA400EE29A4 /* WorkoutManager.swift in Sources */,
				81E69FA22B7083CC00EE29A4 /* CompanionApp.swift in Sources */,
				81C996D02B76EA2B00A9C0A3 /* WatchConnectivityHandler.swift in Sources */,
				81E69FB92B747BA400EE29A4 /* SessionPagingView.swift in Sources */,
				814375262B8464AC0086F53B /* WorkoutAdapter.swift in Sources */,
				81C996DE2B79EA4F00A9C0A3 /* SongView.swift in Sources */,
				81C996DC2B79E9A200A9C0A3 /* MusicView.swift in Sources */,
				814375242B81D4B30086F53B /* SongAdapter.swift in Sources */,
				81E69FC12B747BA400EE29A4 /* ControlsView.swift in Sources */,
			);
			runOnlyForDeploymentPostprocessing = 0;
		};
/* End PBXSourcesBuildPhase section */

/* Begin PBXTargetDependency section */
		81E69FAB2B7083CE00EE29A4 /* PBXTargetDependency */ = {
			isa = PBXTargetDependency;
			target = 81E69F9E2B7083CC00EE29A4 /* Companion Watch App */;
			targetProxy = 81E69FAA2B7083CE00EE29A4 /* PBXContainerItemProxy */;
		};
/* End PBXTargetDependency section */

/* Begin XCBuildConfiguration section */
		13B07F941A680F5B00A75B9A /* Debug */ = {
			isa = XCBuildConfiguration;
			baseConfigurationReference = 6C2E3173556A471DD304B334 /* Pods-TempoTracks.debug.xcconfig */;
			buildSettings = {
				ALWAYS_EMBED_SWIFT_STANDARD_LIBRARIES = YES;
				ASSETCATALOG_COMPILER_APPICON_NAME = AppIcon;
				CLANG_ENABLE_MODULES = YES;
				CODE_SIGN_ENTITLEMENTS = TempoTracks/TempoTracks.entitlements;
				CODE_SIGN_IDENTITY = "Apple Development";
				CODE_SIGN_STYLE = Automatic;
				CURRENT_PROJECT_VERSION = 1;
				DEVELOPMENT_TEAM = FG3F5G2D7L;
				ENABLE_BITCODE = NO;
				GCC_PREPROCESSOR_DEFINITIONS = (
					"$(inherited)",
					"FB_SONARKIT_ENABLED=1",
				);
				INFOPLIST_FILE = TempoTracks/Info.plist;
				IPHONEOS_DEPLOYMENT_TARGET = 16.0;
				LD_RUNPATH_SEARCH_PATHS = (
					"$(inherited)",
					"@executable_path/Frameworks",
				);
				MARKETING_VERSION = 1.0;
				OTHER_LDFLAGS = (
					"$(inherited)",
					"-ObjC",
					"-lc++",
				);
				OTHER_SWIFT_FLAGS = "$(inherited) -D EXPO_CONFIGURATION_DEBUG";
				PRODUCT_BUNDLE_IDENTIFIER = org.name.TempoTracks;
				PRODUCT_NAME = TempoTracks;
				PROVISIONING_PROFILE_SPECIFIER = "";
				SWIFT_OPTIMIZATION_LEVEL = "-Onone";
				SWIFT_VERSION = 5.0;
				VERSIONING_SYSTEM = "apple-generic";
			};
			name = Debug;
		};
		13B07F951A680F5B00A75B9A /* Release */ = {
			isa = XCBuildConfiguration;
			baseConfigurationReference = 7A4D352CD337FB3A3BF06240 /* Pods-TempoTracks.release.xcconfig */;
			buildSettings = {
				ALWAYS_EMBED_SWIFT_STANDARD_LIBRARIES = YES;
				ASSETCATALOG_COMPILER_APPICON_NAME = AppIcon;
				CLANG_ENABLE_MODULES = YES;
				CODE_SIGN_ENTITLEMENTS = TempoTracks/TempoTracks.entitlements;
				CODE_SIGN_IDENTITY = "Apple Development";
				CODE_SIGN_STYLE = Automatic;
				CURRENT_PROJECT_VERSION = 1;
				DEVELOPMENT_TEAM = FG3F5G2D7L;
				INFOPLIST_FILE = TempoTracks/Info.plist;
				IPHONEOS_DEPLOYMENT_TARGET = 16.0;
				LD_RUNPATH_SEARCH_PATHS = (
					"$(inherited)",
					"@executable_path/Frameworks",
				);
				MARKETING_VERSION = 1.0;
				OTHER_LDFLAGS = (
					"$(inherited)",
					"-ObjC",
					"-lc++",
				);
				OTHER_SWIFT_FLAGS = "$(inherited) -D EXPO_CONFIGURATION_RELEASE";
				PRODUCT_BUNDLE_IDENTIFIER = org.name.TempoTracks;
				PRODUCT_NAME = TempoTracks;
				PROVISIONING_PROFILE_SPECIFIER = "";
				SWIFT_VERSION = 5.0;
				VERSIONING_SYSTEM = "apple-generic";
			};
			name = Release;
		};
		81E69FAE2B7083CE00EE29A4 /* Debug */ = {
			isa = XCBuildConfiguration;
			buildSettings = {
				ASSETCATALOG_COMPILER_APPICON_NAME = AppIcon;
				ASSETCATALOG_COMPILER_GLOBAL_ACCENT_COLOR_NAME = AccentColor;
				CLANG_ANALYZER_NONNULL = YES;
				CLANG_ANALYZER_NUMBER_OBJECT_CONVERSION = YES_AGGRESSIVE;
				CLANG_CXX_LANGUAGE_STANDARD = "gnu++20";
				CLANG_ENABLE_OBJC_WEAK = YES;
				CLANG_WARN_DOCUMENTATION_COMMENTS = YES;
				CLANG_WARN_QUOTED_INCLUDE_IN_FRAMEWORK_HEADER = YES;
				CLANG_WARN_UNGUARDED_AVAILABILITY = YES_AGGRESSIVE;
				CODE_SIGN_ENTITLEMENTS = "Companion Watch AppDebug.entitlements";
				CODE_SIGN_STYLE = Automatic;
				CURRENT_PROJECT_VERSION = 1;
				DEBUG_INFORMATION_FORMAT = dwarf;
				DEVELOPMENT_ASSET_PATHS = "\"CompanionWatchApp/Preview Content\"";
				DEVELOPMENT_TEAM = FG3F5G2D7L;
				ENABLE_PREVIEWS = YES;
				GCC_C_LANGUAGE_STANDARD = gnu11;
				GENERATE_INFOPLIST_FILE = YES;
				INFOPLIST_KEY_NSHealthShareUsageDescription = "TempoTracks wants to access health data";
				INFOPLIST_KEY_NSHealthUpdateUsageDescription = "TempoTracks wants to access health data";
				INFOPLIST_KEY_UISupportedInterfaceOrientations = "UIInterfaceOrientationPortrait UIInterfaceOrientationPortraitUpsideDown";
				INFOPLIST_KEY_WKCompanionAppBundleIdentifier = org.name.TempoTracks;
				INFOPLIST_KEY_WKRunsIndependentlyOfCompanionApp = NO;
				LD_RUNPATH_SEARCH_PATHS = (
					"$(inherited)",
					"@executable_path/Frameworks",
				);
				MARKETING_VERSION = 1.0;
				MTL_ENABLE_DEBUG_INFO = INCLUDE_SOURCE;
				MTL_FAST_MATH = YES;
				OTHER_SWIFT_FLAGS = "$(inherited) -D EXPO_CONFIGURATION_DEBUG";
				PRODUCT_BUNDLE_IDENTIFIER = org.name.TempoTracks.watchkitapp1;
				PRODUCT_NAME = TempoTracks;
				SDKROOT = watchos;
				SKIP_INSTALL = YES;
				SWIFT_ACTIVE_COMPILATION_CONDITIONS = DEBUG;
				SWIFT_EMIT_LOC_STRINGS = YES;
				SWIFT_OBJC_BRIDGING_HEADER = "";
				SWIFT_OPTIMIZATION_LEVEL = "-Onone";
				SWIFT_VERSION = 5.0;
				TARGETED_DEVICE_FAMILY = 4;
				WATCHOS_DEPLOYMENT_TARGET = 9.3;
			};
			name = Debug;
		};
		81E69FAF2B7083CE00EE29A4 /* Release */ = {
			isa = XCBuildConfiguration;
			buildSettings = {
				ASSETCATALOG_COMPILER_APPICON_NAME = AppIcon;
				ASSETCATALOG_COMPILER_GLOBAL_ACCENT_COLOR_NAME = AccentColor;
				CLANG_ANALYZER_NONNULL = YES;
				CLANG_ANALYZER_NUMBER_OBJECT_CONVERSION = YES_AGGRESSIVE;
				CLANG_CXX_LANGUAGE_STANDARD = "gnu++20";
				CLANG_ENABLE_OBJC_WEAK = YES;
				CLANG_WARN_DOCUMENTATION_COMMENTS = YES;
				CLANG_WARN_QUOTED_INCLUDE_IN_FRAMEWORK_HEADER = YES;
				CLANG_WARN_UNGUARDED_AVAILABILITY = YES_AGGRESSIVE;
				CODE_SIGN_STYLE = Automatic;
				COPY_PHASE_STRIP = NO;
				CURRENT_PROJECT_VERSION = 1;
				DEBUG_INFORMATION_FORMAT = "dwarf-with-dsym";
				DEVELOPMENT_ASSET_PATHS = "\"CompanionWatchApp/Preview Content\"";
				DEVELOPMENT_TEAM = FG3F5G2D7L;
				ENABLE_PREVIEWS = YES;
				GCC_C_LANGUAGE_STANDARD = gnu11;
				GENERATE_INFOPLIST_FILE = YES;
				INFOPLIST_KEY_NSHealthShareUsageDescription = "TempoTracks wants to access health data";
				INFOPLIST_KEY_NSHealthUpdateUsageDescription = "TempoTracks wants to access health data";
				INFOPLIST_KEY_UISupportedInterfaceOrientations = "UIInterfaceOrientationPortrait UIInterfaceOrientationPortraitUpsideDown";
				INFOPLIST_KEY_WKCompanionAppBundleIdentifier = org.name.TempoTracks;
				INFOPLIST_KEY_WKRunsIndependentlyOfCompanionApp = NO;
				LD_RUNPATH_SEARCH_PATHS = (
					"$(inherited)",
					"@executable_path/Frameworks",
				);
				MARKETING_VERSION = 1.0;
				MTL_FAST_MATH = YES;
				OTHER_SWIFT_FLAGS = "$(inherited) -D EXPO_CONFIGURATION_RELEASE";
				PRODUCT_BUNDLE_IDENTIFIER = org.name.TempoTracks.watchkitapp;
				PRODUCT_NAME = TempoTracks;
				SDKROOT = watchos;
				SKIP_INSTALL = YES;
				SWIFT_COMPILATION_MODE = wholemodule;
				SWIFT_EMIT_LOC_STRINGS = YES;
				SWIFT_OBJC_BRIDGING_HEADER = "";
				SWIFT_OPTIMIZATION_LEVEL = "-O";
				SWIFT_VERSION = 5.0;
				TARGETED_DEVICE_FAMILY = 4;
				WATCHOS_DEPLOYMENT_TARGET = 9.3;
			};
			name = Release;
		};
		83CBBA201A601CBA00E9B192 /* Debug */ = {
			isa = XCBuildConfiguration;
			buildSettings = {
				ALWAYS_SEARCH_USER_PATHS = NO;
				CLANG_ANALYZER_LOCALIZABILITY_NONLOCALIZED = YES;
				CLANG_CXX_LANGUAGE_STANDARD = "c++17";
				CLANG_CXX_LIBRARY = "libc++";
				CLANG_ENABLE_MODULES = YES;
				CLANG_ENABLE_OBJC_ARC = YES;
				CLANG_WARN_BLOCK_CAPTURE_AUTORELEASING = YES;
				CLANG_WARN_BOOL_CONVERSION = YES;
				CLANG_WARN_COMMA = YES;
				CLANG_WARN_CONSTANT_CONVERSION = YES;
				CLANG_WARN_DEPRECATED_OBJC_IMPLEMENTATIONS = YES;
				CLANG_WARN_DIRECT_OBJC_ISA_USAGE = YES_ERROR;
				CLANG_WARN_EMPTY_BODY = YES;
				CLANG_WARN_ENUM_CONVERSION = YES;
				CLANG_WARN_INFINITE_RECURSION = YES;
				CLANG_WARN_INT_CONVERSION = YES;
				CLANG_WARN_NON_LITERAL_NULL_CONVERSION = YES;
				CLANG_WARN_OBJC_IMPLICIT_RETAIN_SELF = YES;
				CLANG_WARN_OBJC_LITERAL_CONVERSION = YES;
				CLANG_WARN_OBJC_ROOT_CLASS = YES_ERROR;
				CLANG_WARN_RANGE_LOOP_ANALYSIS = YES;
				CLANG_WARN_STRICT_PROTOTYPES = YES;
				CLANG_WARN_SUSPICIOUS_MOVE = YES;
				CLANG_WARN_UNREACHABLE_CODE = YES;
				CLANG_WARN__DUPLICATE_METHOD_MATCH = YES;
				"CODE_SIGN_IDENTITY[sdk=iphoneos*]" = "iPhone Developer";
				COPY_PHASE_STRIP = NO;
				ENABLE_STRICT_OBJC_MSGSEND = YES;
				ENABLE_TESTABILITY = YES;
				"EXCLUDED_ARCHS[sdk=iphonesimulator*]" = i386;
				GCC_C_LANGUAGE_STANDARD = gnu99;
				GCC_DYNAMIC_NO_PIC = NO;
				GCC_NO_COMMON_BLOCKS = YES;
				GCC_OPTIMIZATION_LEVEL = 0;
				GCC_PREPROCESSOR_DEFINITIONS = (
					"DEBUG=1",
					"$(inherited)",
					_LIBCPP_ENABLE_CXX17_REMOVED_UNARY_BINARY_FUNCTION,
				);
				GCC_SYMBOLS_PRIVATE_EXTERN = NO;
				GCC_WARN_64_TO_32_BIT_CONVERSION = YES;
				GCC_WARN_ABOUT_RETURN_TYPE = YES_ERROR;
				GCC_WARN_UNDECLARED_SELECTOR = YES;
				GCC_WARN_UNINITIALIZED_AUTOS = YES_AGGRESSIVE;
				GCC_WARN_UNUSED_FUNCTION = YES;
				GCC_WARN_UNUSED_VARIABLE = YES;
				IPHONEOS_DEPLOYMENT_TARGET = 13.0;
				LD_RUNPATH_SEARCH_PATHS = (
					/usr/lib/swift,
					"$(inherited)",
				);
				LIBRARY_SEARCH_PATHS = "$(SDKROOT)/usr/lib/swift\"$(inherited)\"";
				MTL_ENABLE_DEBUG_INFO = YES;
				ONLY_ACTIVE_ARCH = YES;
				OTHER_CFLAGS = "$(inherited)";
				OTHER_CPLUSPLUSFLAGS = "$(inherited)";
				OTHER_LDFLAGS = "$(inherited)  ";
				REACT_NATIVE_PATH = "${PODS_ROOT}/../../node_modules/react-native";
				SDKROOT = iphoneos;
				SWIFT_OBJC_BRIDGING_HEADER = "TempoTracks-Bridging-Header.h";
			};
			name = Debug;
		};
		83CBBA211A601CBA00E9B192 /* Release */ = {
			isa = XCBuildConfiguration;
			buildSettings = {
				ALWAYS_SEARCH_USER_PATHS = NO;
				CLANG_ANALYZER_LOCALIZABILITY_NONLOCALIZED = YES;
				CLANG_CXX_LANGUAGE_STANDARD = "c++17";
				CLANG_CXX_LIBRARY = "libc++";
				CLANG_ENABLE_MODULES = YES;
				CLANG_ENABLE_OBJC_ARC = YES;
				CLANG_WARN_BLOCK_CAPTURE_AUTORELEASING = YES;
				CLANG_WARN_BOOL_CONVERSION = YES;
				CLANG_WARN_COMMA = YES;
				CLANG_WARN_CONSTANT_CONVERSION = YES;
				CLANG_WARN_DEPRECATED_OBJC_IMPLEMENTATIONS = YES;
				CLANG_WARN_DIRECT_OBJC_ISA_USAGE = YES_ERROR;
				CLANG_WARN_EMPTY_BODY = YES;
				CLANG_WARN_ENUM_CONVERSION = YES;
				CLANG_WARN_INFINITE_RECURSION = YES;
				CLANG_WARN_INT_CONVERSION = YES;
				CLANG_WARN_NON_LITERAL_NULL_CONVERSION = YES;
				CLANG_WARN_OBJC_IMPLICIT_RETAIN_SELF = YES;
				CLANG_WARN_OBJC_LITERAL_CONVERSION = YES;
				CLANG_WARN_OBJC_ROOT_CLASS = YES_ERROR;
				CLANG_WARN_RANGE_LOOP_ANALYSIS = YES;
				CLANG_WARN_STRICT_PROTOTYPES = YES;
				CLANG_WARN_SUSPICIOUS_MOVE = YES;
				CLANG_WARN_UNREACHABLE_CODE = YES;
				CLANG_WARN__DUPLICATE_METHOD_MATCH = YES;
				"CODE_SIGN_IDENTITY[sdk=iphoneos*]" = "iPhone Developer";
				COPY_PHASE_STRIP = YES;
				ENABLE_NS_ASSERTIONS = NO;
				ENABLE_STRICT_OBJC_MSGSEND = YES;
				"EXCLUDED_ARCHS[sdk=iphonesimulator*]" = i386;
				GCC_C_LANGUAGE_STANDARD = gnu99;
				GCC_NO_COMMON_BLOCKS = YES;
				GCC_PREPROCESSOR_DEFINITIONS = (
					"$(inherited)",
					_LIBCPP_ENABLE_CXX17_REMOVED_UNARY_BINARY_FUNCTION,
				);
				GCC_WARN_64_TO_32_BIT_CONVERSION = YES;
				GCC_WARN_ABOUT_RETURN_TYPE = YES_ERROR;
				GCC_WARN_UNDECLARED_SELECTOR = YES;
				GCC_WARN_UNINITIALIZED_AUTOS = YES_AGGRESSIVE;
				GCC_WARN_UNUSED_FUNCTION = YES;
				GCC_WARN_UNUSED_VARIABLE = YES;
				IPHONEOS_DEPLOYMENT_TARGET = 13.0;
				LD_RUNPATH_SEARCH_PATHS = (
					/usr/lib/swift,
					"$(inherited)",
				);
				LIBRARY_SEARCH_PATHS = "$(SDKROOT)/usr/lib/swift\"$(inherited)\"";
				MTL_ENABLE_DEBUG_INFO = NO;
				OTHER_CFLAGS = "$(inherited)";
				OTHER_CPLUSPLUSFLAGS = "$(inherited)";
				OTHER_LDFLAGS = "$(inherited)  ";
				REACT_NATIVE_PATH = "${PODS_ROOT}/../../node_modules/react-native";
				SDKROOT = iphoneos;
				SWIFT_OBJC_BRIDGING_HEADER = "TempoTracks-Bridging-Header.h";
				VALIDATE_PRODUCT = YES;
			};
			name = Release;
		};
/* End XCBuildConfiguration section */

/* Begin XCConfigurationList section */
		13B07F931A680F5B00A75B9A /* Build configuration list for PBXNativeTarget "TempoTracks" */ = {
			isa = XCConfigurationList;
			buildConfigurations = (
				13B07F941A680F5B00A75B9A /* Debug */,
				13B07F951A680F5B00A75B9A /* Release */,
			);
			defaultConfigurationIsVisible = 0;
			defaultConfigurationName = Release;
		};
		81E69FAD2B7083CE00EE29A4 /* Build configuration list for PBXNativeTarget "Companion Watch App" */ = {
			isa = XCConfigurationList;
			buildConfigurations = (
				81E69FAE2B7083CE00EE29A4 /* Debug */,
				81E69FAF2B7083CE00EE29A4 /* Release */,
			);
			defaultConfigurationIsVisible = 0;
			defaultConfigurationName = Release;
		};
		83CBB9FA1A601CBA00E9B192 /* Build configuration list for PBXProject "TempoTracks" */ = {
			isa = XCConfigurationList;
			buildConfigurations = (
				83CBBA201A601CBA00E9B192 /* Debug */,
				83CBBA211A601CBA00E9B192 /* Release */,
			);
			defaultConfigurationIsVisible = 0;
			defaultConfigurationName = Release;
		};
/* End XCConfigurationList section */
	};
	rootObject = 83CBB9F71A601CBA00E9B192 /* Project object */;
}
